
Microsoft Visual Studio Solution File, Format Version 12.00
# Visual Studio Version 16
VisualStudioVersion = 16.0.32929.386
MinimumVisualStudioVersion = 10.0.40219.1
Project("{9A19103F-16F7-4668-BE54-9A1E7A4F7556}") = "SerwisyInternetowe", "SerwisyInternetowe.csproj", "{C558C274-61DE-48CF-9623-086B9CA03B59}"
EndProject
Global
	GlobalSection(SolutionConfigurationPlatforms) = preSolution
		Debug|Any CPU = Debug|Any CPU
		Release|Any CPU = Release|Any CPU
	EndGlobalSection
	GlobalSection(ProjectConfigurationPlatforms) = postSolution
		{C558C274-61DE-48CF-9623-086B9CA03B59}.Debug|Any CPU.ActiveCfg = Debug|Any CPU
		{C558C274-61DE-48CF-9623-086B9CA03B59}.Debug|Any CPU.Build.0 = Debug|Any CPU
		{C558C274-61DE-48CF-9623-086B9CA03B59}.Release|Any CPU.ActiveCfg = Release|Any CPU
		{C558C274-61DE-48CF-9623-086B9CA03B59}.Release|Any CPU.Build.0 = Release|Any CPU
	EndGlobalSection
	GlobalSection(SolutionProperties) = preSolution
		HideSolutionNode = FALSE
	EndGlobalSection
	GlobalSection(ExtensibilityGlobals) = postSolution
		SolutionGuid = {159A9F61-2407-491A-99CA-14508E01EC8A}
	EndGlobalSection
EndGlobal
